{
  "requires": true,
  "lockfileVersion": 1,
  "dependencies": {
    "@fortawesome/fontawesome-free": {
      "version": "5.10.0",
      "resolved": "https://registry.npmjs.org/@fortawesome/fontawesome-free/-/fontawesome-free-5.10.0.tgz",
      "integrity": "sha512-XX16koDMY/tkJmec0VFfKF7RYZOze/203B1iyLnRaAySm3ZPhKaeyIpf73Yh8xhrMk3Fj4TeH3FC01qyFTyg8g==",
      "dev": true
    }
  }
}
